
Microsoft Visual Studio Solution File, Format Version 12.00
# Visual Studio 15
VisualStudioVersion = 15.0.26730.10
MinimumVisualStudioVersion = 10.0.40219.1
Project("{8BC9CEB8-8B4A-11D0-8D11-00A0C91BC942}") = "Assignment2", "Assignment2.vcxproj", "{67CF71D4-FEE5-4694-9625-C2155046B053}"
EndProject
Global
	GlobalSection(SolutionConfigurationPlatforms) = preSolution
		Debug|x86 = Debug|x86
		Release|x86 = Release|x86
	EndGlobalSection
	GlobalSection(ProjectConfigurationPlatforms) = postSolution
		{67CF71D4-FEE5-4694-9625-C2155046B053}.Debug|x86.ActiveCfg = Debug|Win32
		{67CF71D4-FEE5-4694-9625-C2155046B053}.Debug|x86.Build.0 = Debug|Win32
		{67CF71D4-FEE5-4694-9625-C2155046B053}.Release|x86.ActiveCfg = Release|Win32
		{67CF71D4-FEE5-4694-9625-C2155046B053}.Release|x86.Build.0 = Release|Win32
	EndGlobalSection
	GlobalSection(SolutionProperties) = preSolution
		HideSolutionNode = FALSE
	EndGlobalSection
	GlobalSection(ExtensibilityGlobals) = postSolution
		SolutionGuid = {49857A12-5C9C-4BBA-872E-76680A8E94EA}
	EndGlobalSection
EndGlobal
