
Microsoft Visual Studio Solution File, Format Version 12.00
# Visual Studio 15
VisualStudioVersion = 15.0.28307.136
MinimumVisualStudioVersion = 10.0.40219.1
Project("{8BC9CEB8-8B4A-11D0-8D11-00A0C91BC942}") = "Lab9", "Lab9.vcxproj", "{90FEFDA3-64E8-4A55-8C2E-36ABFAF20B79}"
EndProject
Global
	GlobalSection(SolutionConfigurationPlatforms) = preSolution
		Debug|x64 = Debug|x64
		Debug|x86 = Debug|x86
		Release|x64 = Release|x64
		Release|x86 = Release|x86
	EndGlobalSection
	GlobalSection(ProjectConfigurationPlatforms) = postSolution
		{90FEFDA3-64E8-4A55-8C2E-36ABFAF20B79}.Debug|x64.ActiveCfg = Debug|x64
		{90FEFDA3-64E8-4A55-8C2E-36ABFAF20B79}.Debug|x64.Build.0 = Debug|x64
		{90FEFDA3-64E8-4A55-8C2E-36ABFAF20B79}.Debug|x86.ActiveCfg = Debug|Win32
		{90FEFDA3-64E8-4A55-8C2E-36ABFAF20B79}.Debug|x86.Build.0 = Debug|Win32
		{90FEFDA3-64E8-4A55-8C2E-36ABFAF20B79}.Release|x64.ActiveCfg = Release|x64
		{90FEFDA3-64E8-4A55-8C2E-36ABFAF20B79}.Release|x64.Build.0 = Release|x64
		{90FEFDA3-64E8-4A55-8C2E-36ABFAF20B79}.Release|x86.ActiveCfg = Release|Win32
		{90FEFDA3-64E8-4A55-8C2E-36ABFAF20B79}.Release|x86.Build.0 = Release|Win32
	EndGlobalSection
	GlobalSection(SolutionProperties) = preSolution
		HideSolutionNode = FALSE
	EndGlobalSection
	GlobalSection(ExtensibilityGlobals) = postSolution
		SolutionGuid = {27683F7E-4B33-4FBD-B788-F8ED85A999ED}
	EndGlobalSection
EndGlobal
