
Microsoft Visual Studio Solution File, Format Version 12.00
# Visual Studio 15
VisualStudioVersion = 15.0.28307.271
MinimumVisualStudioVersion = 10.0.40219.1
Project("{8BC9CEB8-8B4A-11D0-8D11-00A0C91BC942}") = "Assignment3", "Assignment3.vcxproj", "{510DDF8F-2FF9-4922-956E-8D2B210FC86F}"
EndProject
Global
	GlobalSection(SolutionConfigurationPlatforms) = preSolution
		Debug|x86 = Debug|x86
		Release|x86 = Release|x86
	EndGlobalSection
	GlobalSection(ProjectConfigurationPlatforms) = postSolution
		{510DDF8F-2FF9-4922-956E-8D2B210FC86F}.Debug|x86.ActiveCfg = Debug|Win32
		{510DDF8F-2FF9-4922-956E-8D2B210FC86F}.Debug|x86.Build.0 = Debug|Win32
		{510DDF8F-2FF9-4922-956E-8D2B210FC86F}.Release|x86.ActiveCfg = Release|Win32
		{510DDF8F-2FF9-4922-956E-8D2B210FC86F}.Release|x86.Build.0 = Release|Win32
	EndGlobalSection
	GlobalSection(SolutionProperties) = preSolution
		HideSolutionNode = FALSE
	EndGlobalSection
	GlobalSection(ExtensibilityGlobals) = postSolution
		SolutionGuid = {92BEEF62-8C61-415C-B252-FA4A8B123435}
	EndGlobalSection
EndGlobal
