
Microsoft Visual Studio Solution File, Format Version 12.00
# Visual Studio 15
VisualStudioVersion = 15.0.26730.10
MinimumVisualStudioVersion = 10.0.40219.1
Project("{8BC9CEB8-8B4A-11D0-8D11-00A0C91BC942}") = "Lab3", "Lab3.vcxproj", "{C6EF29BF-BFC9-4DB2-BED7-AFC12AC1CFA3}"
EndProject
Global
	GlobalSection(SolutionConfigurationPlatforms) = preSolution
		Debug|x86 = Debug|x86
		Release|x86 = Release|x86
	EndGlobalSection
	GlobalSection(ProjectConfigurationPlatforms) = postSolution
		{C6EF29BF-BFC9-4DB2-BED7-AFC12AC1CFA3}.Debug|x86.ActiveCfg = Debug|Win32
		{C6EF29BF-BFC9-4DB2-BED7-AFC12AC1CFA3}.Debug|x86.Build.0 = Debug|Win32
		{C6EF29BF-BFC9-4DB2-BED7-AFC12AC1CFA3}.Release|x86.ActiveCfg = Release|Win32
		{C6EF29BF-BFC9-4DB2-BED7-AFC12AC1CFA3}.Release|x86.Build.0 = Release|Win32
	EndGlobalSection
	GlobalSection(SolutionProperties) = preSolution
		HideSolutionNode = FALSE
	EndGlobalSection
	GlobalSection(ExtensibilityGlobals) = postSolution
		SolutionGuid = {FB31457F-5A17-4298-BA1E-B0AEB061B69A}
	EndGlobalSection
EndGlobal
